{
  "name": "www-hapi",
  "version": "0.0.3",
  "dependencies": {
    "catbox": {
      "version": "2.2.1",
      "from": "catbox@",
      "dependencies": {
        "hoek": {
          "version": "2.1.0",
          "from": "hoek@2.x.x"
        }
      }
    },
    "catbox-redis": {
      "version": "1.0.1",
      "from": "catbox-redis@",
      "resolved": "https://registry.npmjs.org/catbox-redis/-/catbox-redis-1.0.1.tgz",
      "dependencies": {
        "redis": {
          "version": "0.10.1",
          "from": "redis@0.10.x",
          "resolved": "https://registry.npmjs.org/redis/-/redis-0.10.1.tgz"
        },
        "hoek": {
          "version": "1.5.2",
          "from": "hoek@1.x.x"
        }
      }
    },
    "handlebars": {
      "version": "2.0.0-alpha.2",
      "from": "handlebars@",
      "resolved": "https://registry.npmjs.org/handlebars/-/handlebars-2.0.0-alpha.2.tgz",
      "dependencies": {
        "optimist": {
          "version": "0.3.7",
          "from": "optimist@~0.3",
          "dependencies": {
            "wordwrap": {
              "version": "0.0.2",
              "from": "wordwrap@~0.0.2"
            }
          }
        },
        "uglify-js": {
          "version": "2.3.6",
          "from": "uglify-js@~2.3",
          "dependencies": {
            "async": {
              "version": "0.2.10",
              "from": "async@~0.2.6"
            },
            "source-map": {
              "version": "0.1.33",
              "from": "source-map@~0.1.7",
              "dependencies": {
                "amdefine": {
                  "version": "0.1.0",
                  "from": "amdefine@>=0.0.4"
                }
              }
            }
          }
        }
      }
    },
    "hapi": {
      "version": "5.0.0",
      "from": "hapi@5.0.0",
      "resolved": "https://registry.npmjs.org/hapi/-/hapi-5.0.0.tgz",
      "dependencies": {
        "hoek": {
          "version": "2.1.0",
          "from": "hoek@2.x.x"
        },
        "boom": {
          "version": "2.4.1",
          "from": "boom@^2.4.x"
        },
        "joi": {
          "version": "4.2.1",
          "from": "joi@^4.2.x",
          "resolved": "https://registry.npmjs.org/joi/-/joi-4.2.1.tgz"
        },
        "catbox-memory": {
          "version": "1.0.1",
          "from": "catbox-memory@1.x.x",
          "dependencies": {
            "hoek": {
              "version": "1.5.2",
              "from": "hoek@1.x.x"
            }
          }
        },
        "shot": {
          "version": "1.3.3",
          "from": "shot@1.x.x"
        },
        "nipple": {
          "version": "2.5.1",
          "from": "nipple@^2.4.x"
        },
        "cryptiles": {
          "version": "2.0.1",
          "from": "cryptiles@2.x.x"
        },
        "iron": {
          "version": "2.0.2",
          "from": "iron@2.x.x"
        },
        "topo": {
          "version": "1.0.0",
          "from": "topo@1.x.x"
        },
        "async": {
          "version": "0.8.0",
          "from": "async@0.8.x"
        },
        "multiparty": {
          "version": "3.2.6",
          "from": "multiparty@3.2.x",
          "dependencies": {
            "readable-stream": {
              "version": "1.1.13-1",
              "from": "readable-stream@~1.1.9",
              "dependencies": {
                "core-util-is": {
                  "version": "1.0.1",
                  "from": "core-util-is@~1.0.0"
                },
                "isarray": {
                  "version": "0.0.1",
                  "from": "isarray@0.0.1"
                },
                "string_decoder": {
                  "version": "0.10.25-1",
                  "from": "string_decoder@~0.10.x"
                },
                "inherits": {
                  "version": "2.0.1",
                  "from": "inherits@~2.0.1"
                }
              }
            },
            "stream-counter": {
              "version": "0.2.0",
              "from": "stream-counter@~0.2.0"
            }
          }
        },
        "mime": {
          "version": "1.2.11",
          "from": "mime@1.2.x"
        },
        "lru-cache": {
          "version": "2.5.0",
          "from": "lru-cache@2.5.x"
        },
        "optimist": {
          "version": "0.6.1",
          "from": "optimist@0.6.x",
          "dependencies": {
            "wordwrap": {
              "version": "0.0.2",
              "from": "wordwrap@~0.0.2"
            },
            "minimist": {
              "version": "0.0.10",
              "from": "minimist@~0.0.1"
            }
          }
        },
        "negotiator": {
          "version": "0.4.3",
          "from": "negotiator@0.4.x"
        },
        "semver": {
          "version": "2.3.0",
          "from": "semver@2.3.x"
        },
        "qs": {
          "version": "0.6.6",
          "from": "qs@0.6.x"
        }
      }
    },
    "hapi-auth-cookie": {
      "version": "1.0.3",
      "from": "hapi-auth-cookie@",
      "resolved": "https://registry.npmjs.org/hapi-auth-cookie/-/hapi-auth-cookie-1.0.3.tgz",
      "dependencies": {
        "boom": {
          "version": "2.4.1",
          "from": "boom@2.x.x"
        },
        "hoek": {
          "version": "2.3.0",
          "from": "hoek@2.x.x",
          "resolved": "https://registry.npmjs.org/hoek/-/hoek-2.3.0.tgz"
        }
      }
    },
    "joi": {
      "version": "3.1.0",
      "from": "joi@",
      "dependencies": {
        "hoek": {
          "version": "2.1.0",
          "from": "hoek@2.x.x"
        }
      }
    },
    "murmurhash": {
      "version": "0.0.2",
      "from": "murmurhash@"
    },
    "nib": {
      "version": "1.0.2",
      "from": "nib@",
      "resolved": "https://registry.npmjs.org/nib/-/nib-1.0.2.tgz",
      "dependencies": {
        "stylus": {
          "version": "0.37.0",
          "from": "stylus@~0.37.0",
          "resolved": "https://registry.npmjs.org/stylus/-/stylus-0.37.0.tgz",
          "dependencies": {
            "cssom": {
              "version": "0.2.5",
              "from": "cssom@0.2.x"
            },
            "mkdirp": {
              "version": "0.3.5",
              "from": "mkdirp@0.3.x"
            },
            "debug": {
              "version": "0.8.1",
              "from": "debug@*"
            },
            "sax": {
              "version": "0.5.8",
              "from": "sax@0.5.x"
            }
          }
        }
      }
    },
    "stylus": {
      "version": "0.45.0",
      "from": "stylus@",
      "resolved": "https://registry.npmjs.org/stylus/-/stylus-0.45.0.tgz",
      "dependencies": {
        "css-parse": {
          "version": "1.7.0",
          "from": "css-parse@1.7.x",
          "resolved": "https://registry.npmjs.org/css-parse/-/css-parse-1.7.0.tgz"
        },
        "mkdirp": {
          "version": "0.3.5",
          "from": "mkdirp@0.3.x"
        },
        "debug": {
          "version": "0.8.1",
          "from": "debug@*",
          "resolved": "https://registry.npmjs.org/debug/-/debug-0.8.1.tgz"
        },
        "sax": {
          "version": "0.5.8",
          "from": "sax@0.5.x"
        },
        "glob": {
          "version": "3.2.9",
          "from": "glob@3.2.x",
          "dependencies": {
            "minimatch": {
              "version": "0.2.14",
              "from": "minimatch@~0.2.11",
              "dependencies": {
                "lru-cache": {
                  "version": "2.5.0",
                  "from": "lru-cache@2"
                },
                "sigmund": {
                  "version": "1.0.0",
                  "from": "sigmund@~1.0.0"
                }
              }
            },
            "inherits": {
              "version": "2.0.1",
              "from": "inherits@2"
            }
          }
        }
      }
    }
  }
}
